
Microsoft Visual Studio Solution File, Format Version 12.00
# Visual Studio 15
VisualStudioVersion = 15.0.28307.1209
MinimumVisualStudioVersion = 10.0.40219.1
Project("{FAE04EC0-301F-11D3-BF4B-00C04F79EFBC}") = "Sample", "Sample\Sample.csproj", "{A6F3B2DB-6521-4249-AA35-7A3F2576FA38}"
EndProject
Global
	GlobalSection(SolutionConfigurationPlatforms) = preSolution
		Debug|Any CPU = Debug|Any CPU
		Release|Any CPU = Release|Any CPU
	EndGlobalSection
	GlobalSection(ProjectConfigurationPlatforms) = postSolution
		{A6F3B2DB-6521-4249-AA35-7A3F2576FA38}.Debug|Any CPU.ActiveCfg = Debug|Any CPU
		{A6F3B2DB-6521-4249-AA35-7A3F2576FA38}.Debug|Any CPU.Build.0 = Debug|Any CPU
		{A6F3B2DB-6521-4249-AA35-7A3F2576FA38}.Release|Any CPU.ActiveCfg = Release|Any CPU
		{A6F3B2DB-6521-4249-AA35-7A3F2576FA38}.Release|Any CPU.Build.0 = Release|Any CPU
	EndGlobalSection
	GlobalSection(SolutionProperties) = preSolution
		HideSolutionNode = FALSE
	EndGlobalSection
	GlobalSection(ExtensibilityGlobals) = postSolution
		SolutionGuid = {013AB05D-8EFF-47A3-B104-1E9F3FC0A88A}
	EndGlobalSection
EndGlobal
